
Microsoft Visual Studio Solution File, Format Version 12.00
# Visual Studio Version 17
VisualStudioVersion = 17.5.002.0
MinimumVisualStudioVersion = 10.0.40219.1
Project("{9A19103F-16F7-4668-BE54-9A1E7A4F7556}") = "domashka 7", "domashka 7.csproj", "{974D5D0D-5EC3-43D0-84F9-0F1AF747BA8E}"
EndProject
Project("{9A19103F-16F7-4668-BE54-9A1E7A4F7556}") = "task 1", "task 1\task 1.csproj", "{2C7DDB4E-C450-4B44-8253-F33D5E58D55D}"
EndProject
Global
	GlobalSection(SolutionConfigurationPlatforms) = preSolution
		Debug|Any CPU = Debug|Any CPU
		Release|Any CPU = Release|Any CPU
	EndGlobalSection
	GlobalSection(ProjectConfigurationPlatforms) = postSolution
		{974D5D0D-5EC3-43D0-84F9-0F1AF747BA8E}.Debug|Any CPU.ActiveCfg = Debug|Any CPU
		{974D5D0D-5EC3-43D0-84F9-0F1AF747BA8E}.Debug|Any CPU.Build.0 = Debug|Any CPU
		{974D5D0D-5EC3-43D0-84F9-0F1AF747BA8E}.Release|Any CPU.ActiveCfg = Release|Any CPU
		{974D5D0D-5EC3-43D0-84F9-0F1AF747BA8E}.Release|Any CPU.Build.0 = Release|Any CPU
		{2C7DDB4E-C450-4B44-8253-F33D5E58D55D}.Debug|Any CPU.ActiveCfg = Debug|Any CPU
		{2C7DDB4E-C450-4B44-8253-F33D5E58D55D}.Debug|Any CPU.Build.0 = Debug|Any CPU
		{2C7DDB4E-C450-4B44-8253-F33D5E58D55D}.Release|Any CPU.ActiveCfg = Release|Any CPU
		{2C7DDB4E-C450-4B44-8253-F33D5E58D55D}.Release|Any CPU.Build.0 = Release|Any CPU
	EndGlobalSection
	GlobalSection(SolutionProperties) = preSolution
		HideSolutionNode = FALSE
	EndGlobalSection
	GlobalSection(ExtensibilityGlobals) = postSolution
		SolutionGuid = {DACF6368-AF7B-4788-BE23-230FA2E49267}
	EndGlobalSection
EndGlobal
